
Microsoft Visual Studio Solution File, Format Version 12.00
# Visual Studio 14
VisualStudioVersion = 14.0.25123.0
MinimumVisualStudioVersion = 10.0.40219.1
Project("{FAE04EC0-301F-11D3-BF4B-00C04F79EFBC}") = "Sharp_Shapes", "Sharp_Shapes\Sharp_Shapes.csproj", "{64255E00-BA0A-439B-ACF1-6A4609406BCE}"
EndProject
Project("{FAE04EC0-301F-11D3-BF4B-00C04F79EFBC}") = "Sharp_ShapesTest", "UnitTestProject1\Sharp_ShapesTest.csproj", "{C9EBF63F-5C5E-4327-A584-FA49C8D5B21E}"
EndProject
Global
	GlobalSection(SolutionConfigurationPlatforms) = preSolution
		Debug|Any CPU = Debug|Any CPU
		Release|Any CPU = Release|Any CPU
	EndGlobalSection
	GlobalSection(ProjectConfigurationPlatforms) = postSolution
		{64255E00-BA0A-439B-ACF1-6A4609406BCE}.Debug|Any CPU.ActiveCfg = Debug|Any CPU
		{64255E00-BA0A-439B-ACF1-6A4609406BCE}.Debug|Any CPU.Build.0 = Debug|Any CPU
		{64255E00-BA0A-439B-ACF1-6A4609406BCE}.Release|Any CPU.ActiveCfg = Release|Any CPU
		{64255E00-BA0A-439B-ACF1-6A4609406BCE}.Release|Any CPU.Build.0 = Release|Any CPU
		{C9EBF63F-5C5E-4327-A584-FA49C8D5B21E}.Debug|Any CPU.ActiveCfg = Debug|Any CPU
		{C9EBF63F-5C5E-4327-A584-FA49C8D5B21E}.Debug|Any CPU.Build.0 = Debug|Any CPU
		{C9EBF63F-5C5E-4327-A584-FA49C8D5B21E}.Release|Any CPU.ActiveCfg = Release|Any CPU
		{C9EBF63F-5C5E-4327-A584-FA49C8D5B21E}.Release|Any CPU.Build.0 = Release|Any CPU
	EndGlobalSection
	GlobalSection(SolutionProperties) = preSolution
		HideSolutionNode = FALSE
	EndGlobalSection
EndGlobal
